// !$*UTF8*$!
{
	archiveVersion = 1;
	classes = {
	};
	objectVersion = 51;
	objects = {

/* Begin PBXBuildFile section */
		3B7ABE4739FE5B5574938323 /* Pods_Comfort_Maps.framework in Frameworks */ = {isa = PBXBuildFile; fileRef = BFA963B2108F35E9B7994AAE /* Pods_Comfort_Maps.framework */; };
		FF5B7DF823FB4CEA00439D93 /* LocationManager.swift in Sources */ = {isa = PBXBuildFile; fileRef = FF5B7DF723FB4CEA00439D93 /* LocationManager.swift */; };
		FF9D2EA323F4B3AE0094F34C /* WifiManager.swift in Sources */ = {isa = PBXBuildFile; fileRef = FF9D2EA223F4B3AE0094F34C /* WifiManager.swift */; };
		FF9D2EA723F4B4320094F34C /* ExternalAccessory.framework in Frameworks */ = {isa = PBXBuildFile; fileRef = FF9D2EA623F4B4320094F34C /* ExternalAccessory.framework */; };
		FF9D2EA923F4BF4A0094F34C /* NetworkExtension.framework in Frameworks */ = {isa = PBXBuildFile; fileRef = FF9D2EA823F4BF4A0094F34C /* NetworkExtension.framework */; };
		FFC734D923EF45FA007221A5 /* AppDelegate.swift in Sources */ = {isa = PBXBuildFile; fileRef = FFC734D823EF45FA007221A5 /* AppDelegate.swift */; };
		FFC734DB23EF45FA007221A5 /* SceneDelegate.swift in Sources */ = {isa = PBXBuildFile; fileRef = FFC734DA23EF45FA007221A5 /* SceneDelegate.swift */; };
		FFC734DE23EF45FA007221A5 /* Comfort_Maps.xcdatamodeld in Sources */ = {isa = PBXBuildFile; fileRef = FFC734DC23EF45FA007221A5 /* Comfort_Maps.xcdatamodeld */; };
		FFC734E023EF45FA007221A5 /* ContentView.swift in Sources */ = {isa = PBXBuildFile; fileRef = FFC734DF23EF45FA007221A5 /* ContentView.swift */; };
		FFC734E223EF45FF007221A5 /* Assets.xcassets in Resources */ = {isa = PBXBuildFile; fileRef = FFC734E123EF45FF007221A5 /* Assets.xcassets */; };
		FFC734E523EF45FF007221A5 /* Preview Assets.xcassets in Resources */ = {isa = PBXBuildFile; fileRef = FFC734E423EF45FF007221A5 /* Preview Assets.xcassets */; };
		FFC734E823EF45FF007221A5 /* LaunchScreen.storyboard in Resources */ = {isa = PBXBuildFile; fileRef = FFC734E623EF45FF007221A5 /* LaunchScreen.storyboard */; };
		FFC734F023EF4744007221A5 /* BluetoothManager.swift in Sources */ = {isa = PBXBuildFile; fileRef = FFC734EF23EF4744007221A5 /* BluetoothManager.swift */; };
		FFC734F223EF502D007221A5 /* PhotoManager.swift in Sources */ = {isa = PBXBuildFile; fileRef = FFC734F123EF502D007221A5 /* PhotoManager.swift */; };
/* End PBXBuildFile section */

/* Begin PBXFileReference section */
		18755FB1AE2DBCA9F4F92E0A /* Pods-Comfort Maps.debug.xcconfig */ = {isa = PBXFileReference; includeInIndex = 1; lastKnownFileType = text.xcconfig; name = "Pods-Comfort Maps.debug.xcconfig"; path = "Target Support Files/Pods-Comfort Maps/Pods-Comfort Maps.debug.xcconfig"; sourceTree = "<group>"; };
		49C661D1DAF3D2A01414223B /* Pods-Comfort Maps.release.xcconfig */ = {isa = PBXFileReference; includeInIndex = 1; lastKnownFileType = text.xcconfig; name = "Pods-Comfort Maps.release.xcconfig"; path = "Target Support Files/Pods-Comfort Maps/Pods-Comfort Maps.release.xcconfig"; sourceTree = "<group>"; };
		BFA963B2108F35E9B7994AAE /* Pods_Comfort_Maps.framework */ = {isa = PBXFileReference; explicitFileType = wrapper.framework; includeInIndex = 0; path = Pods_Comfort_Maps.framework; sourceTree = BUILT_PRODUCTS_DIR; };
		FF5B7DF723FB4CEA00439D93 /* LocationManager.swift */ = {isa = PBXFileReference; lastKnownFileType = sourcecode.swift; path = LocationManager.swift; sourceTree = "<group>"; };
		FF9D2EA223F4B3AE0094F34C /* WifiManager.swift */ = {isa = PBXFileReference; lastKnownFileType = sourcecode.swift; path = WifiManager.swift; sourceTree = "<group>"; };
		FF9D2EA423F4B4320094F34C /* Comfort Maps.entitlements */ = {isa = PBXFileReference; lastKnownFileType = text.plist.entitlements; path = "Comfort Maps.entitlements"; sourceTree = "<group>"; };
		FF9D2EA623F4B4320094F34C /* ExternalAccessory.framework */ = {isa = PBXFileReference; lastKnownFileType = wrapper.framework; name = ExternalAccessory.framework; path = System/Library/Frameworks/ExternalAccessory.framework; sourceTree = SDKROOT; };
		FF9D2EA823F4BF4A0094F34C /* NetworkExtension.framework */ = {isa = PBXFileReference; lastKnownFileType = wrapper.framework; name = NetworkExtension.framework; path = System/Library/Frameworks/NetworkExtension.framework; sourceTree = SDKROOT; };
		FFC734D523EF45FA007221A5 /* Comfort Maps.app */ = {isa = PBXFileReference; explicitFileType = wrapper.application; includeInIndex = 0; path = "Comfort Maps.app"; sourceTree = BUILT_PRODUCTS_DIR; };
		FFC734D823EF45FA007221A5 /* AppDelegate.swift */ = {isa = PBXFileReference; lastKnownFileType = sourcecode.swift; path = AppDelegate.swift; sourceTree = "<group>"; };
		FFC734DA23EF45FA007221A5 /* SceneDelegate.swift */ = {isa = PBXFileReference; lastKnownFileType = sourcecode.swift; path = SceneDelegate.swift; sourceTree = "<group>"; };
		FFC734DD23EF45FA007221A5 /* Comfort_Maps.xcdatamodel */ = {isa = PBXFileReference; lastKnownFileType = wrapper.xcdatamodel; path = Comfort_Maps.xcdatamodel; sourceTree = "<group>"; };
		FFC734DF23EF45FA007221A5 /* ContentView.swift */ = {isa = PBXFileReference; lastKnownFileType = sourcecode.swift; path = ContentView.swift; sourceTree = "<group>"; };
		FFC734E123EF45FF007221A5 /* Assets.xcassets */ = {isa = PBXFileReference; lastKnownFileType = folder.assetcatalog; path = Assets.xcassets; sourceTree = "<group>"; };
		FFC734E423EF45FF007221A5 /* Preview Assets.xcassets */ = {isa = PBXFileReference; lastKnownFileType = folder.assetcatalog; path = "Preview Assets.xcassets"; sourceTree = "<group>"; };
		FFC734E723EF45FF007221A5 /* Base */ = {isa = PBXFileReference; lastKnownFileType = file.storyboard; name = Base; path = Base.lproj/LaunchScreen.storyboard; sourceTree = "<group>"; };
		FFC734E923EF45FF007221A5 /* Info.plist */ = {isa = PBXFileReference; lastKnownFileType = text.plist.xml; path = Info.plist; sourceTree = "<group>"; };
		FFC734EF23EF4744007221A5 /* BluetoothManager.swift */ = {isa = PBXFileReference; lastKnownFileType = sourcecode.swift; path = BluetoothManager.swift; sourceTree = "<group>"; };
		FFC734F123EF502D007221A5 /* PhotoManager.swift */ = {isa = PBXFileReference; lastKnownFileType = sourcecode.swift; path = PhotoManager.swift; sourceTree = "<group>"; };
/* End PBXFileReference section */

/* Begin PBXFrameworksBuildPhase section */
		FFC734D223EF45FA007221A5 /* Frameworks */ = {
			isa = PBXFrameworksBuildPhase;
			buildActionMask = 2147483647;
			files = (
				FF9D2EA723F4B4320094F34C /* ExternalAccessory.framework in Frameworks */,
				FF9D2EA923F4BF4A0094F34C /* NetworkExtension.framework in Frameworks */,
				3B7ABE4739FE5B5574938323 /* Pods_Comfort_Maps.framework in Frameworks */,
			);
			runOnlyForDeploymentPostprocessing = 0;
		};
/* End PBXFrameworksBuildPhase section */

/* Begin PBXGroup section */
		29DFD5BA1ACA22A7B313909C /* Pods */ = {
			isa = PBXGroup;
			children = (
				18755FB1AE2DBCA9F4F92E0A /* Pods-Comfort Maps.debug.xcconfig */,
				49C661D1DAF3D2A01414223B /* Pods-Comfort Maps.release.xcconfig */,
			);
			path = Pods;
			sourceTree = "<group>";
		};
		FF9D2EA523F4B4320094F34C /* Frameworks */ = {
			isa = PBXGroup;
			children = (
				FF9D2EA823F4BF4A0094F34C /* NetworkExtension.framework */,
				FF9D2EA623F4B4320094F34C /* ExternalAccessory.framework */,
				BFA963B2108F35E9B7994AAE /* Pods_Comfort_Maps.framework */,
			);
			name = Frameworks;
			sourceTree = "<group>";
		};
		FFC734CC23EF45FA007221A5 = {
			isa = PBXGroup;
			children = (
				FFC734D723EF45FA007221A5 /* Comfort Maps */,
				FFC734D623EF45FA007221A5 /* Products */,
				FF9D2EA523F4B4320094F34C /* Frameworks */,
				29DFD5BA1ACA22A7B313909C /* Pods */,
			);
			sourceTree = "<group>";
		};
		FFC734D623EF45FA007221A5 /* Products */ = {
			isa = PBXGroup;
			children = (
				FFC734D523EF45FA007221A5 /* Comfort Maps.app */,
			);
			name = Products;
			sourceTree = "<group>";
		};
		FFC734D723EF45FA007221A5 /* Comfort Maps */ = {
			isa = PBXGroup;
			children = (
				FF9D2EA423F4B4320094F34C /* Comfort Maps.entitlements */,
				FFC734D823EF45FA007221A5 /* AppDelegate.swift */,
				FF5B7DF723FB4CEA00439D93 /* LocationManager.swift */,
				FFC734DA23EF45FA007221A5 /* SceneDelegate.swift */,
				FFC734DF23EF45FA007221A5 /* ContentView.swift */,
				FFC734EF23EF4744007221A5 /* BluetoothManager.swift */,
				FF9D2EA223F4B3AE0094F34C /* WifiManager.swift */,
				FFC734F123EF502D007221A5 /* PhotoManager.swift */,
				FFC734E123EF45FF007221A5 /* Assets.xcassets */,
				FFC734E623EF45FF007221A5 /* LaunchScreen.storyboard */,
				FFC734E923EF45FF007221A5 /* Info.plist */,
				FFC734DC23EF45FA007221A5 /* Comfort_Maps.xcdatamodeld */,
				FFC734E323EF45FF007221A5 /* Preview Content */,
			);
			path = "Comfort Maps";
			sourceTree = "<group>";
		};
		FFC734E323EF45FF007221A5 /* Preview Content */ = {
			isa = PBXGroup;
			children = (
				FFC734E423EF45FF007221A5 /* Preview Assets.xcassets */,
			);
			path = "Preview Content";
			sourceTree = "<group>";
		};
/* End PBXGroup section */

/* Begin PBXNativeTarget section */
		FFC734D423EF45FA007221A5 /* Comfort Maps */ = {
			isa = PBXNativeTarget;
			buildConfigurationList = FFC734EC23EF45FF007221A5 /* Build configuration list for PBXNativeTarget "Comfort Maps" */;
			buildPhases = (
				C90F36345BF331BAB1E73CD7 /* [CP] Check Pods Manifest.lock */,
				FFC734D123EF45FA007221A5 /* Sources */,
				FFC734D223EF45FA007221A5 /* Frameworks */,
				FFC734D323EF45FA007221A5 /* Resources */,
				3ED817AA8AE231C823397312 /* [CP] Embed Pods Frameworks */,
			);
			buildRules = (
			);
			dependencies = (
			);
			name = "Comfort Maps";
			productName = "Comfort Maps";
			productReference = FFC734D523EF45FA007221A5 /* Comfort Maps.app */;
			productType = "com.apple.product-type.application";
		};
/* End PBXNativeTarget section */

/* Begin PBXProject section */
		FFC734CD23EF45FA007221A5 /* Project object */ = {
			isa = PBXProject;
			attributes = {
				LastSwiftUpdateCheck = 1130;
				LastUpgradeCheck = 1130;
				ORGANIZATIONNAME = hackersmacker;
				TargetAttributes = {
					FFC734D423EF45FA007221A5 = {
						CreatedOnToolsVersion = 11.3.1;
					};
				};
			};
			buildConfigurationList = FFC734D023EF45FA007221A5 /* Build configuration list for PBXProject "Comfort Maps" */;
			compatibilityVersion = "Xcode 9.3";
			developmentRegion = en;
			hasScannedForEncodings = 0;
			knownRegions = (
				en,
				Base,
			);
			mainGroup = FFC734CC23EF45FA007221A5;
			productRefGroup = FFC734D623EF45FA007221A5 /* Products */;
			projectDirPath = "";
			projectRoot = "";
			targets = (
				FFC734D423EF45FA007221A5 /* Comfort Maps */,
			);
		};
/* End PBXProject section */

/* Begin PBXResourcesBuildPhase section */
		FFC734D323EF45FA007221A5 /* Resources */ = {
			isa = PBXResourcesBuildPhase;
			buildActionMask = 2147483647;
			files = (
				FFC734E823EF45FF007221A5 /* LaunchScreen.storyboard in Resources */,
				FFC734E523EF45FF007221A5 /* Preview Assets.xcassets in Resources */,
				FFC734E223EF45FF007221A5 /* Assets.xcassets in Resources */,
			);
			runOnlyForDeploymentPostprocessing = 0;
		};
/* End PBXResourcesBuildPhase section */

/* Begin PBXShellScriptBuildPhase section */
		3ED817AA8AE231C823397312 /* [CP] Embed Pods Frameworks */ = {
			isa = PBXShellScriptBuildPhase;
			buildActionMask = 2147483647;
			files = (
			);
			inputFileListPaths = (
				"${PODS_ROOT}/Target Support Files/Pods-Comfort Maps/Pods-Comfort Maps-frameworks-${CONFIGURATION}-input-files.xcfilelist",
			);
			name = "[CP] Embed Pods Frameworks";
			outputFileListPaths = (
				"${PODS_ROOT}/Target Support Files/Pods-Comfort Maps/Pods-Comfort Maps-frameworks-${CONFIGURATION}-output-files.xcfilelist",
			);
			runOnlyForDeploymentPostprocessing = 0;
			shellPath = /bin/sh;
			shellScript = "\"${PODS_ROOT}/Target Support Files/Pods-Comfort Maps/Pods-Comfort Maps-frameworks.sh\"\n";
			showEnvVarsInLog = 0;
		};
		C90F36345BF331BAB1E73CD7 /* [CP] Check Pods Manifest.lock */ = {
			isa = PBXShellScriptBuildPhase;
			buildActionMask = 2147483647;
			files = (
			);
			inputFileListPaths = (
			);
			inputPaths = (
				"${PODS_PODFILE_DIR_PATH}/Podfile.lock",
				"${PODS_ROOT}/Manifest.lock",
			);
			name = "[CP] Check Pods Manifest.lock";
			outputFileListPaths = (
			);
			outputPaths = (
				"$(DERIVED_FILE_DIR)/Pods-Comfort Maps-checkManifestLockResult.txt",
			);
			runOnlyForDeploymentPostprocessing = 0;
			shellPath = /bin/sh;
			shellScript = "diff \"${PODS_PODFILE_DIR_PATH}/Podfile.lock\" \"${PODS_ROOT}/Manifest.lock\" > /dev/null\nif [ $? != 0 ] ; then\n    # print error to STDERR\n    echo \"error: The sandbox is not in sync with the Podfile.lock. Run 'pod install' or update your CocoaPods installation.\" >&2\n    exit 1\nfi\n# This output is used by Xcode 'outputs' to avoid re-running this script phase.\necho \"SUCCESS\" > \"${SCRIPT_OUTPUT_FILE_0}\"\n";
			showEnvVarsInLog = 0;
		};
/* End PBXShellScriptBuildPhase section */

/* Begin PBXSourcesBuildPhase section */
		FFC734D123EF45FA007221A5 /* Sources */ = {
			isa = PBXSourcesBuildPhase;
			buildActionMask = 2147483647;
			files = (
				FFC734F223EF502D007221A5 /* PhotoManager.swift in Sources */,
				FFC734D923EF45FA007221A5 /* AppDelegate.swift in Sources */,
				FFC734DB23EF45FA007221A5 /* SceneDelegate.swift in Sources */,
				FFC734E023EF45FA007221A5 /* ContentView.swift in Sources */,
				FF5B7DF823FB4CEA00439D93 /* LocationManager.swift in Sources */,
				FF9D2EA323F4B3AE0094F34C /* WifiManager.swift in Sources */,
				FFC734DE23EF45FA007221A5 /* Comfort_Maps.xcdatamodeld in Sources */,
				FFC734F023EF4744007221A5 /* BluetoothManager.swift in Sources */,
			);
			runOnlyForDeploymentPostprocessing = 0;
		};
/* End PBXSourcesBuildPhase section */

/* Begin PBXVariantGroup section */
		FFC734E623EF45FF007221A5 /* LaunchScreen.storyboard */ = {
			isa = PBXVariantGroup;
			children = (
				FFC734E723EF45FF007221A5 /* Base */,
			);
			name = LaunchScreen.storyboard;
			sourceTree = "<group>";
		};
/* End PBXVariantGroup section */

/* Begin XCBuildConfiguration section */
		FFC734EA23EF45FF007221A5 /* Debug */ = {
			isa = XCBuildConfiguration;
			buildSettings = {
				ALWAYS_SEARCH_USER_PATHS = NO;
				CLANG_ANALYZER_NONNULL = YES;
				CLANG_ANALYZER_NUMBER_OBJECT_CONVERSION = YES_AGGRESSIVE;
				CLANG_CXX_LANGUAGE_STANDARD = "gnu++14";
				CLANG_CXX_LIBRARY = "libc++";
				CLANG_ENABLE_MODULES = YES;
				CLANG_ENABLE_OBJC_ARC = YES;
				CLANG_ENABLE_OBJC_WEAK = YES;
				CLANG_WARN_BLOCK_CAPTURE_AUTORELEASING = YES;
				CLANG_WARN_BOOL_CONVERSION = YES;
				CLANG_WARN_COMMA = YES;
				CLANG_WARN_CONSTANT_CONVERSION = YES;
				CLANG_WARN_DEPRECATED_OBJC_IMPLEMENTATIONS = YES;
				CLANG_WARN_DIRECT_OBJC_ISA_USAGE = YES_ERROR;
				CLANG_WARN_DOCUMENTATION_COMMENTS = YES;
				CLANG_WARN_EMPTY_BODY = YES;
				CLANG_WARN_ENUM_CONVERSION = YES;
				CLANG_WARN_INFINITE_RECURSION = YES;
				CLANG_WARN_INT_CONVERSION = YES;
				CLANG_WARN_NON_LITERAL_NULL_CONVERSION = YES;
				CLANG_WARN_OBJC_IMPLICIT_RETAIN_SELF = YES;
				CLANG_WARN_OBJC_LITERAL_CONVERSION = YES;
				CLANG_WARN_OBJC_ROOT_CLASS = YES_ERROR;
				CLANG_WARN_RANGE_LOOP_ANALYSIS = YES;
				CLANG_WARN_STRICT_PROTOTYPES = YES;
				CLANG_WARN_SUSPICIOUS_MOVE = YES;
				CLANG_WARN_UNGUARDED_AVAILABILITY = YES_AGGRESSIVE;
				CLANG_WARN_UNREACHABLE_CODE = YES;
				CLANG_WARN__DUPLICATE_METHOD_MATCH = YES;
				COPY_PHASE_STRIP = NO;
				DEBUG_INFORMATION_FORMAT = dwarf;
				ENABLE_STRICT_OBJC_MSGSEND = YES;
				ENABLE_TESTABILITY = YES;
				GCC_C_LANGUAGE_STANDARD = gnu11;
				GCC_DYNAMIC_NO_PIC = NO;
				GCC_NO_COMMON_BLOCKS = YES;
				GCC_OPTIMIZATION_LEVEL = 0;
				GCC_PREPROCESSOR_DEFINITIONS = (
					"DEBUG=1",
					"$(inherited)",
				);
				GCC_WARN_64_TO_32_BIT_CONVERSION = YES;
				GCC_WARN_ABOUT_RETURN_TYPE = YES_ERROR;
				GCC_WARN_UNDECLARED_SELECTOR = YES;
				GCC_WARN_UNINITIALIZED_AUTOS = YES_AGGRESSIVE;
				GCC_WARN_UNUSED_FUNCTION = YES;
				GCC_WARN_UNUSED_VARIABLE = YES;
				IPHONEOS_DEPLOYMENT_TARGET = 13.2;
				MTL_ENABLE_DEBUG_INFO = INCLUDE_SOURCE;
				MTL_FAST_MATH = YES;
				ONLY_ACTIVE_ARCH = YES;
				SDKROOT = iphoneos;
				SWIFT_ACTIVE_COMPILATION_CONDITIONS = DEBUG;
				SWIFT_OPTIMIZATION_LEVEL = "-Onone";
			};
			name = Debug;
		};
		FFC734EB23EF45FF007221A5 /* Release */ = {
			isa = XCBuildConfiguration;
			buildSettings = {
				ALWAYS_SEARCH_USER_PATHS = NO;
				CLANG_ANALYZER_NONNULL = YES;
				CLANG_ANALYZER_NUMBER_OBJECT_CONVERSION = YES_AGGRESSIVE;
				CLANG_CXX_LANGUAGE_STANDARD = "gnu++14";
				CLANG_CXX_LIBRARY = "libc++";
				CLANG_ENABLE_MODULES = YES;
				CLANG_ENABLE_OBJC_ARC = YES;
				CLANG_ENABLE_OBJC_WEAK = YES;
				CLANG_WARN_BLOCK_CAPTURE_AUTORELEASING = YES;
				CLANG_WARN_BOOL_CONVERSION = YES;
				CLANG_WARN_COMMA = YES;
				CLANG_WARN_CONSTANT_CONVERSION = YES;
				CLANG_WARN_DEPRECATED_OBJC_IMPLEMENTATIONS = YES;
				CLANG_WARN_DIRECT_OBJC_ISA_USAGE = YES_ERROR;
				CLANG_WARN_DOCUMENTATION_COMMENTS = YES;
				CLANG_WARN_EMPTY_BODY = YES;
				CLANG_WARN_ENUM_CONVERSION = YES;
				CLANG_WARN_INFINITE_RECURSION = YES;
				CLANG_WARN_INT_CONVERSION = YES;
				CLANG_WARN_NON_LITERAL_NULL_CONVERSION = YES;
				CLANG_WARN_OBJC_IMPLICIT_RETAIN_SELF = YES;
				CLANG_WARN_OBJC_LITERAL_CONVERSION = YES;
				CLANG_WARN_OBJC_ROOT_CLASS = YES_ERROR;
				CLANG_WARN_RANGE_LOOP_ANALYSIS = YES;
				CLANG_WARN_STRICT_PROTOTYPES = YES;
				CLANG_WARN_SUSPICIOUS_MOVE = YES;
				CLANG_WARN_UNGUARDED_AVAILABILITY = YES_AGGRESSIVE;
				CLANG_WARN_UNREACHABLE_CODE = YES;
				CLANG_WARN__DUPLICATE_METHOD_MATCH = YES;
				COPY_PHASE_STRIP = NO;
				DEBUG_INFORMATION_FORMAT = "dwarf-with-dsym";
				ENABLE_NS_ASSERTIONS = NO;
				ENABLE_STRICT_OBJC_MSGSEND = YES;
				GCC_C_LANGUAGE_STANDARD = gnu11;
				GCC_NO_COMMON_BLOCKS = YES;
				GCC_WARN_64_TO_32_BIT_CONVERSION = YES;
				GCC_WARN_ABOUT_RETURN_TYPE = YES_ERROR;
				GCC_WARN_UNDECLARED_SELECTOR = YES;
				GCC_WARN_UNINITIALIZED_AUTOS = YES_AGGRESSIVE;
				GCC_WARN_UNUSED_FUNCTION = YES;
				GCC_WARN_UNUSED_VARIABLE = YES;
				IPHONEOS_DEPLOYMENT_TARGET = 13.2;
				MTL_ENABLE_DEBUG_INFO = NO;
				MTL_FAST_MATH = YES;
				SDKROOT = iphoneos;
				SWIFT_COMPILATION_MODE = wholemodule;
				SWIFT_OPTIMIZATION_LEVEL = "-O";
				VALIDATE_PRODUCT = YES;
			};
			name = Release;
		};
		FFC734ED23EF45FF007221A5 /* Debug */ = {
			isa = XCBuildConfiguration;
			baseConfigurationReference = 18755FB1AE2DBCA9F4F92E0A /* Pods-Comfort Maps.debug.xcconfig */;
			buildSettings = {
				ASSETCATALOG_COMPILER_APPICON_NAME = AppIcon;
				CODE_SIGN_ENTITLEMENTS = "Comfort Maps/Comfort Maps.entitlements";
				CODE_SIGN_IDENTITY = "iPhone Developer";
				CODE_SIGN_STYLE = Manual;
				DEVELOPMENT_ASSET_PATHS = "\"Comfort Maps/Preview Content\"";
				DEVELOPMENT_TEAM = HR7P97SD72;
				ENABLE_PREVIEWS = YES;
				INFOPLIST_FILE = "Comfort Maps/Info.plist";
				LD_RUNPATH_SEARCH_PATHS = (
					"$(inherited)",
					"@executable_path/Frameworks",
				);
				PRODUCT_BUNDLE_IDENTIFIER = com.hackersmacker.ComfortMaps;
				PRODUCT_NAME = "$(TARGET_NAME)";
				PROVISIONING_PROFILE_SPECIFIER = "Comfort Maps";
				SWIFT_VERSION = 5.0;
				TARGETED_DEVICE_FAMILY = "1,2";
			};
			name = Debug;
		};
		FFC734EE23EF45FF007221A5 /* Release */ = {
			isa = XCBuildConfiguration;
			baseConfigurationReference = 49C661D1DAF3D2A01414223B /* Pods-Comfort Maps.release.xcconfig */;
			buildSettings = {
				ASSETCATALOG_COMPILER_APPICON_NAME = AppIcon;
				CODE_SIGN_ENTITLEMENTS = "Comfort Maps/Comfort Maps.entitlements";
				CODE_SIGN_IDENTITY = "Apple Development";
				CODE_SIGN_STYLE = Automatic;
				DEVELOPMENT_ASSET_PATHS = "\"Comfort Maps/Preview Content\"";
				DEVELOPMENT_TEAM = HR7P97SD72;
				ENABLE_PREVIEWS = YES;
				INFOPLIST_FILE = "Comfort Maps/Info.plist";
				LD_RUNPATH_SEARCH_PATHS = (
					"$(inherited)",
					"@executable_path/Frameworks",
				);
				PRODUCT_BUNDLE_IDENTIFIER = com.hackersmacker.ComfortMaps;
				PRODUCT_NAME = "$(TARGET_NAME)";
				PROVISIONING_PROFILE_SPECIFIER = "";
				SWIFT_VERSION = 5.0;
				TARGETED_DEVICE_FAMILY = "1,2";
			};
			name = Release;
		};
/* End XCBuildConfiguration section */

/* Begin XCConfigurationList section */
		FFC734D023EF45FA007221A5 /* Build configuration list for PBXProject "Comfort Maps" */ = {
			isa = XCConfigurationList;
			buildConfigurations = (
				FFC734EA23EF45FF007221A5 /* Debug */,
				FFC734EB23EF45FF007221A5 /* Release */,
			);
			defaultConfigurationIsVisible = 0;
			defaultConfigurationName = Release;
		};
		FFC734EC23EF45FF007221A5 /* Build configuration list for PBXNativeTarget "Comfort Maps" */ = {
			isa = XCConfigurationList;
			buildConfigurations = (
				FFC734ED23EF45FF007221A5 /* Debug */,
				FFC734EE23EF45FF007221A5 /* Release */,
			);
			defaultConfigurationIsVisible = 0;
			defaultConfigurationName = Release;
		};
/* End XCConfigurationList section */

/* Begin XCVersionGroup section */
		FFC734DC23EF45FA007221A5 /* Comfort_Maps.xcdatamodeld */ = {
			isa = XCVersionGroup;
			children = (
				FFC734DD23EF45FA007221A5 /* Comfort_Maps.xcdatamodel */,
			);
			currentVersion = FFC734DD23EF45FA007221A5 /* Comfort_Maps.xcdatamodel */;
			path = Comfort_Maps.xcdatamodeld;
			sourceTree = "<group>";
			versionGroupType = wrapper.xcdatamodel;
		};
/* End XCVersionGroup section */
	};
	rootObject = FFC734CD23EF45FA007221A5 /* Project object */;
}
