PODS:
  - Alamofire (5.0.0)
  - Mapbox-iOS-SDK (5.7.0):
    - MapboxMobileEvents (= 0.10.2)
  - MapboxMobileEvents (0.10.2)
  - SQLite.swift (0.12.2):
    - SQLite.swift/standard (= 0.12.2)
  - SQLite.swift/standard (0.12.2)

DEPENDENCIES:
  - Alamofire (~> 5.0)
  - Mapbox-iOS-SDK (~> 5.7)
  - SQLite.swift (~> 0.12.0)

SPEC REPOS:
  trunk:
    - Alamofire
    - Mapbox-iOS-SDK
    - MapboxMobileEvents
    - SQLite.swift

SPEC CHECKSUMS:
  Alamofire: 58ff2bfb8daaacaa233d5c36e37b10a5248f59b1
  Mapbox-iOS-SDK: 1b7cb0e739247d20ef75f5f14aa6ce34e1f0660f
  MapboxMobileEvents: 2bc0ca2eedb627b73cf403258dce2b2fa98074a6
  SQLite.swift: d2b4642190917051ce6bd1d49aab565fe794eea3

PODFILE CHECKSUM: 55a8f4602499281664e52f61247e8711db44444b

COCOAPODS: 1.8.4
