PODS:
  - Alamofire (5.0.0)
  - Mapbox-iOS-SDK (5.7.0):
    - MapboxMobileEvents (= 0.10.2)
  - MapboxMobileEvents (0.10.2)

DEPENDENCIES:
  - Alamofire (~> 5.0)
  - Mapbox-iOS-SDK (~> 5.7.0)

SPEC REPOS:
  trunk:
    - Alamofire
    - Mapbox-iOS-SDK
    - MapboxMobileEvents

SPEC CHECKSUMS:
  Alamofire: 58ff2bfb8daaacaa233d5c36e37b10a5248f59b1
  Mapbox-iOS-SDK: 1b7cb0e739247d20ef75f5f14aa6ce34e1f0660f
  MapboxMobileEvents: 2bc0ca2eedb627b73cf403258dce2b2fa98074a6

PODFILE CHECKSUM: 24c7e978b8bd8bd5903654f2425c87a298a83eab

COCOAPODS: 1.8.4
